
Microsoft Visual Studio Solution File, Format Version 12.00
# Visual Studio Version 17
VisualStudioVersion = 17.6.33723.286
MinimumVisualStudioVersion = 10.0.40219.1
Project("{9A19103F-16F7-4668-BE54-9A1E7A4F7556}") = "BlazorEcommerce.Server", "BlazorEcommerce\Server\BlazorEcommerce.Server.csproj", "{84383DB5-FC71-4DCA-A7BB-A51F6B01433A}"
EndProject
Project("{9A19103F-16F7-4668-BE54-9A1E7A4F7556}") = "BlazorEcommerce.Client", "BlazorEcommerce\Client\BlazorEcommerce.Client.csproj", "{10BF63C5-E5E8-4329-AE07-07C23E8447A6}"
EndProject
Project("{9A19103F-16F7-4668-BE54-9A1E7A4F7556}") = "BlazorEcommerce.Shared", "BlazorEcommerce\Shared\BlazorEcommerce.Shared.csproj", "{9B4B00D6-32B4-4B91-A72E-6EBFF9FDE2E5}"
EndProject
Global
	GlobalSection(SolutionConfigurationPlatforms) = preSolution
		Debug|Any CPU = Debug|Any CPU
		Release|Any CPU = Release|Any CPU
	EndGlobalSection
	GlobalSection(ProjectConfigurationPlatforms) = postSolution
		{84383DB5-FC71-4DCA-A7BB-A51F6B01433A}.Debug|Any CPU.ActiveCfg = Debug|Any CPU
		{84383DB5-FC71-4DCA-A7BB-A51F6B01433A}.Debug|Any CPU.Build.0 = Debug|Any CPU
		{84383DB5-FC71-4DCA-A7BB-A51F6B01433A}.Release|Any CPU.ActiveCfg = Release|Any CPU
		{84383DB5-FC71-4DCA-A7BB-A51F6B01433A}.Release|Any CPU.Build.0 = Release|Any CPU
		{10BF63C5-E5E8-4329-AE07-07C23E8447A6}.Debug|Any CPU.ActiveCfg = Debug|Any CPU
		{10BF63C5-E5E8-4329-AE07-07C23E8447A6}.Debug|Any CPU.Build.0 = Debug|Any CPU
		{10BF63C5-E5E8-4329-AE07-07C23E8447A6}.Release|Any CPU.ActiveCfg = Release|Any CPU
		{10BF63C5-E5E8-4329-AE07-07C23E8447A6}.Release|Any CPU.Build.0 = Release|Any CPU
		{9B4B00D6-32B4-4B91-A72E-6EBFF9FDE2E5}.Debug|Any CPU.ActiveCfg = Debug|Any CPU
		{9B4B00D6-32B4-4B91-A72E-6EBFF9FDE2E5}.Debug|Any CPU.Build.0 = Debug|Any CPU
		{9B4B00D6-32B4-4B91-A72E-6EBFF9FDE2E5}.Release|Any CPU.ActiveCfg = Release|Any CPU
		{9B4B00D6-32B4-4B91-A72E-6EBFF9FDE2E5}.Release|Any CPU.Build.0 = Release|Any CPU
	EndGlobalSection
	GlobalSection(SolutionProperties) = preSolution
		HideSolutionNode = FALSE
	EndGlobalSection
	GlobalSection(ExtensibilityGlobals) = postSolution
		SolutionGuid = {C9A957C7-3EC3-420F-8CF2-5A18F440E21F}
	EndGlobalSection
EndGlobal
